{
  "name": "epstein-files-library",
  "version": "1.0.0",
  "lockfileVersion": 3,
  "requires": true,
  "packages": {
    "": {
      "name": "epstein-files-library",
      "version": "1.0.0",
      "license": "MIT",
      "dependencies": {
        "lunr": "2.3.9"
      }
    },
    "node_modules/lunr": {
      "version": "2.3.9",
      "resolved": "https://registry.npmjs.org/lunr/-/lunr-2.3.9.tgz",
      "integrity": "sha512-bK4eQAI4xRIXOoBsGFbF19pkMS37GLW2eyhB0U0BxNv8VDb3hhL8QaN0/0I5xDuakJQdSMmHy9I2THh3MsRU1g=="
    }
  }
}
